# This file is autogenerated, do not edit; changes may be undone by the next 'dep ensure'.


[[projects]]
  digest = "1:d500496d898be3381278b5b323442f1060d7fead0d2159e126ff6a60da6f8ab0"
  name = "github.com/antchfx/htmlquery"
  packages = ["."]
  pruneopts = "UT"
  revision = "b8d36292614567671decfe6f96c7b8c432d3249b"
  version = "v1.0.0"

[[projects]]
  branch = "master"
  digest = "1:3a4202162c0d85f2a5fed5675bd35e6686c8b379c63e40ef105bf3e7d76d97f5"
  name = "github.com/antchfx/xpath"
  packages = ["."]
  pruneopts = "UT"
  revision = "ce1d48779e67a1ddfb380995fe532b2e0015919c"

[[projects]]
  branch = "master"
  digest = "1:bd7c193f2215e12a93aee656b168229230806fdae82c5f8d1411750f77e7dbd1"
  name = "github.com/arran4/golang-ical"
  packages = ["."]
  pruneopts = "UT"
  revision = "4d707e739562d7043fb6e6f61819971e93284502"

[[projects]]
  branch = "master"
  digest = "1:03a8ff54c1a62710fe21a08ad9ccd554ac90232c4fd34c2731f65dd47e1f2077"
  name = "golang.org/x/net"
  packages = [
    "html",
    "html/atom",
    "html/charset",
  ]
  pruneopts = "UT"
  revision = "d196dffd7c2beec1957382065df08bcc353b9706"

[[projects]]
  digest = "1:aa4d6967a3237f8367b6bf91503964a77183ecf696f1273e8ad3551bb4412b5f"
  name = "golang.org/x/text"
  packages = [
    "encoding",
    "encoding/charmap",
    "encoding/htmlindex",
    "encoding/internal",
    "encoding/internal/identifier",
    "encoding/japanese",
    "encoding/korean",
    "encoding/simplifiedchinese",
    "encoding/traditionalchinese",
    "encoding/unicode",
    "internal/gen",
    "internal/tag",
    "internal/utf8internal",
    "language",
    "runes",
    "transform",
    "unicode/cldr",
  ]
  pruneopts = "UT"
  revision = "f21a4dfb5e38f5895301dc265a8def02365cc3d0"
  version = "v0.3.0"

[solve-meta]
  analyzer-name = "dep"
  analyzer-version = 1
  input-imports = [
    "github.com/antchfx/htmlquery",
    "github.com/arran4/golang-ical",
  ]
  solver-name = "gps-cdcl"
  solver-version = 1
